
Microsoft Visual Studio Solution File, Format Version 12.00
Project("{FAE04EC0-301F-11D3-BF4B-00C04F79EFBC}") = "RegexValidation", "RegexValidation\RegexValidation.csproj", "{1FBDF1BD-AB0B-4A41-AA00-71C9BC18A400}"
EndProject
Project("{FAE04EC0-301F-11D3-BF4B-00C04F79EFBC}") = "RegexValidation.Tests", "RegexValidation.Tests\RegexValidation.Tests.csproj", "{EECFAAE4-3A80-4A09-8A81-F855E02A9286}"
EndProject
Global
	GlobalSection(SolutionConfigurationPlatforms) = preSolution
		Debug|Any CPU = Debug|Any CPU
		Release|Any CPU = Release|Any CPU
	EndGlobalSection
	GlobalSection(ProjectConfigurationPlatforms) = postSolution
		{1FBDF1BD-AB0B-4A41-AA00-71C9BC18A400}.Debug|Any CPU.ActiveCfg = Debug|Any CPU
		{1FBDF1BD-AB0B-4A41-AA00-71C9BC18A400}.Debug|Any CPU.Build.0 = Debug|Any CPU
		{1FBDF1BD-AB0B-4A41-AA00-71C9BC18A400}.Release|Any CPU.ActiveCfg = Release|Any CPU
		{1FBDF1BD-AB0B-4A41-AA00-71C9BC18A400}.Release|Any CPU.Build.0 = Release|Any CPU
		{EECFAAE4-3A80-4A09-8A81-F855E02A9286}.Debug|Any CPU.ActiveCfg = Debug|Any CPU
		{EECFAAE4-3A80-4A09-8A81-F855E02A9286}.Debug|Any CPU.Build.0 = Debug|Any CPU
		{EECFAAE4-3A80-4A09-8A81-F855E02A9286}.Release|Any CPU.ActiveCfg = Release|Any CPU
		{EECFAAE4-3A80-4A09-8A81-F855E02A9286}.Release|Any CPU.Build.0 = Release|Any CPU
	EndGlobalSection
EndGlobal
